Microsoft Visual Studio Solution File, Format Version 12.00
# Visual Studio Version 17
VisualStudioVersion = 17.5.2.0
MinimumVisualStudioVersion = 10.0.40219.1
Project("{2150E333-8FDC-42A3-9474-1A3956D46DE8}") = "learn_c_with_pirate", "learn_c_with_pirate", "{A3FFD85C-2AD3-A707-599F-37D60B7D9FC0}"
EndProject
Project("{FAE04EC0-301F-11D3-BF4B-00C04F79EFBC}") = "PiratesExample.Tests", "learn_c_with_pirate\PiratesExample.Tests\PiratesExample.Tests.csproj", "{074E627E-A0A4-E527-386F-1A98E6EADF4C}"
EndProject
Project("{2150E333-8FDC-42A3-9474-1A3956D46DE8}") = "PiratesExample", "PiratesExample", "{8042CF6E-7A60-3A9F-F5E1-888196E10766}"
EndProject
Project("{2150E333-8FDC-42A3-9474-1A3956D46DE8}") = "src", "src", "{11368C9F-6B7E-A0C2-9A03-5D152EF219AD}"
EndProject
Project("{FAE04EC0-301F-11D3-BF4B-00C04F79EFBC}") = "pirates_console_app", "learn_c_with_pirate\PiratesExample\src\pirates_console_app.csproj", "{E2967643-836C-E1EF-CF9E-7F13606860D9}"
EndProject
Global
	GlobalSection(SolutionConfigurationPlatforms) = preSolution
		Debug|Any CPU = Debug|Any CPU
		Release|Any CPU = Release|Any CPU
	EndGlobalSection
	GlobalSection(ProjectConfigurationPlatforms) = postSolution
		{074E627E-A0A4-E527-386F-1A98E6EADF4C}.Debug|Any CPU.ActiveCfg = Debug|Any CPU
		{074E627E-A0A4-E527-386F-1A98E6EADF4C}.Debug|Any CPU.Build.0 = Debug|Any CPU
		{074E627E-A0A4-E527-386F-1A98E6EADF4C}.Release|Any CPU.ActiveCfg = Release|Any CPU
		{074E627E-A0A4-E527-386F-1A98E6EADF4C}.Release|Any CPU.Build.0 = Release|Any CPU
		{E2967643-836C-E1EF-CF9E-7F13606860D9}.Debug|Any CPU.ActiveCfg = Debug|Any CPU
		{E2967643-836C-E1EF-CF9E-7F13606860D9}.Debug|Any CPU.Build.0 = Debug|Any CPU
		{E2967643-836C-E1EF-CF9E-7F13606860D9}.Release|Any CPU.ActiveCfg = Release|Any CPU
		{E2967643-836C-E1EF-CF9E-7F13606860D9}.Release|Any CPU.Build.0 = Release|Any CPU
	EndGlobalSection
	GlobalSection(SolutionProperties) = preSolution
		HideSolutionNode = FALSE
	EndGlobalSection
	GlobalSection(NestedProjects) = preSolution
		{074E627E-A0A4-E527-386F-1A98E6EADF4C} = {A3FFD85C-2AD3-A707-599F-37D60B7D9FC0}
		{8042CF6E-7A60-3A9F-F5E1-888196E10766} = {A3FFD85C-2AD3-A707-599F-37D60B7D9FC0}
		{11368C9F-6B7E-A0C2-9A03-5D152EF219AD} = {8042CF6E-7A60-3A9F-F5E1-888196E10766}
		{E2967643-836C-E1EF-CF9E-7F13606860D9} = {11368C9F-6B7E-A0C2-9A03-5D152EF219AD}
	EndGlobalSection
	GlobalSection(ExtensibilityGlobals) = postSolution
		SolutionGuid = {ADFAE328-63B8-4298-B926-130E512D81B1}
	EndGlobalSection
EndGlobal
